{
  "name": "webgpu-bitonic-sort",
  "version": "0.0.0",
  "lockfileVersion": 2,
  "requires": true,
  "packages": {
    "": {
      "version": "0.0.0",
      "dependencies": {
        "@webgpu/glslang": "^0.0.15"
      },
      "devDependencies": {
        "@webgpu/types": "^0.1.6",
        "eslint-config-mdcs": "^5.0.0",
        "typescript": "^4.3.2",
        "vite": "^2.3.7"
      }
    },
    "node_modules/@webgpu/glslang": {
      "version": "0.0.15",
      "resolved": "http://artifactory.intra.ke.com/artifactory/api/npm/npm-virtual/@webgpu/glslang/download/@webgpu/glslang-0.0.15.tgz",
      "integrity": "sha1-9cyvYBUkHmF19LkJBrBT+ISD0fI="
    },
    "node_modules/@webgpu/types": {
      "version": "0.1.6",
      "resolved": "http://artifactory.intra.ke.com/artifactory/api/npm/npm-virtual/@webgpu/types/download/@webgpu/types-0.1.6.tgz",
      "integrity": "sha1-kcidlQRJ+g0seALeOms8OpBU85I=",
      "dev": true,
      "license": "Apache-2.0"
    },
    "node_modules/colorette": {
      "version": "1.2.2",
      "resolved": "http://artifactory.intra.ke.com/artifactory/api/npm/npm-virtual/colorette/download/colorette-1.2.2.tgz",
      "integrity": "sha1-y8x51emcrqLb8Q6zom/Ys+as+pQ=",
      "dev": true
    },
    "node_modules/esbuild": {
      "version": "0.12.8",
      "resolved": "http://artifactory.intra.ke.com/artifactory/api/npm/npm-virtual/esbuild/download/esbuild-0.12.8.tgz",
      "integrity": "sha1-rJDad8s7+/SauBUgC873/+GjNI8=",
      "dev": true,
      "bin": {
        "esbuild": "bin/esbuild"
      }
    },
    "node_modules/eslint-config-mdcs": {
      "version": "5.0.0",
      "resolved": "http://artifactory.intra.ke.com/artifactory/api/npm/npm-virtual/eslint-config-mdcs/download/eslint-config-mdcs-5.0.0.tgz",
      "integrity": "sha1-8KJGuTEcVqVFicjCd+ueEFE0zpI=",
      "dev": true,
      "license": "MIT"
    },
    "node_modules/fsevents": {
      "version": "2.3.2",
      "resolved": "http://artifactory.intra.ke.com/artifactory/api/npm/npm-virtual/fsevents/download/fsevents-2.3.2.tgz",
      "integrity": "sha1-ilJveLj99GI7cJ4Ll1xSwkwC/Ro=",
      "dev": true,
      "optional": true,
      "os": [
        "darwin"
      ],
      "engines": {
        "node": "^8.16.0 || ^10.6.0 || >=11.0.0"
      }
    },
    "node_modules/function-bind": {
      "version": "1.1.1",
      "resolved": "http://artifactory.intra.ke.com/artifactory/api/npm/npm-virtual/function-bind/download/function-bind-1.1.1.tgz",
      "integrity": "sha1-pWiZ0+o8m6uHS7l3O3xe3pL0iV0=",
      "dev": true
    },
    "node_modules/has": {
      "version": "1.0.3",
      "resolved": "http://artifactory.intra.ke.com/artifactory/api/npm/npm-virtual/has/download/has-1.0.3.tgz",
      "integrity": "sha1-ci18v8H2qoJB8W3YFOAR4fQeh5Y=",
      "dev": true,
      "dependencies": {
        "function-bind": "^1.1.1"
      },
      "engines": {
        "node": ">= 0.4.0"
      }
    },
    "node_modules/is-core-module": {
      "version": "2.4.0",
      "resolved": "http://artifactory.intra.ke.com/artifactory/api/npm/npm-virtual/is-core-module/download/is-core-module-2.4.0.tgz",
      "integrity": "sha1-jp/I4VAnsBFBgCbpjw5vTYYwXME=",
      "dev": true,
      "dependencies": {
        "has": "^1.0.3"
      }
    },
    "node_modules/nanoid": {
      "version": "3.1.23",
      "resolved": "http://artifactory.intra.ke.com/artifactory/api/npm/npm-virtual/nanoid/download/nanoid-3.1.23.tgz",
      "integrity": "sha1-90QIbOfCvEfuCoRyV01ceOQYOoE=",
      "dev": true,
      "bin": {
        "nanoid": "bin/nanoid.cjs"
      },
      "engines": {
        "node": "^10 || ^12 || ^13.7 || ^14 || >=15.0.1"
      }
    },
    "node_modules/path-parse": {
      "version": "1.0.7",
      "resolved": "http://artifactory.intra.ke.com/artifactory/api/npm/npm-virtual/path-parse/download/path-parse-1.0.7.tgz",
      "integrity": "sha1-+8EUtgykKzDZ2vWFjkvWi77bZzU=",
      "dev": true
    },
    "node_modules/postcss": {
      "version": "8.3.2",
      "resolved": "http://artifactory.intra.ke.com/artifactory/api/npm/npm-virtual/postcss/download/postcss-8.3.2.tgz",
      "integrity": "sha1-7T7EifVCivV0DNbv/MIWtNRV7mQ=",
      "dev": true,
      "dependencies": {
        "colorette": "^1.2.2",
        "nanoid": "^3.1.23",
        "source-map-js": "^0.6.2"
      },
      "engines": {
        "node": "^10 || ^12 || >=14"
      }
    },
    "node_modules/resolve": {
      "version": "1.20.0",
      "resolved": "http://artifactory.intra.ke.com/artifactory/api/npm/npm-virtual/resolve/download/resolve-1.20.0.tgz",
      "integrity": "sha1-YpoBP7P3B1XW8LeTXMHCxTeLGXU=",
      "dev": true,
      "dependencies": {
        "is-core-module": "^2.2.0",
        "path-parse": "^1.0.6"
      }
    },
    "node_modules/rollup": {
      "version": "2.51.2",
      "resolved": "http://artifactory.intra.ke.com/artifactory/api/npm/npm-virtual/rollup/download/rollup-2.51.2.tgz",
      "integrity": "sha1-beceKMgzCJoL10WglnGj4rkq9rc=",
      "dev": true,
      "bin": {
        "rollup": "dist/bin/rollup"
      },
      "engines": {
        "node": ">=10.0.0"
      },
      "optionalDependencies": {
        "fsevents": "~2.3.1"
      }
    },
    "node_modules/source-map-js": {
      "version": "0.6.2",
      "resolved": "http://artifactory.intra.ke.com/artifactory/api/npm/npm-virtual/source-map-js/download/source-map-js-0.6.2.tgz",
      "integrity": "sha1-C7XeYxtBz72mz7qL0FqA79/SOF4=",
      "dev": true,
      "engines": {
        "node": ">=0.10.0"
      }
    },
    "node_modules/typescript": {
      "version": "4.3.2",
      "resolved": "http://artifactory.intra.ke.com/artifactory/api/npm/npm-virtual/typescript/download/typescript-4.3.2.tgz",
      "integrity": "sha1-OZqxiqxFgC1vJJjeUFT8u+cWqAU=",
      "dev": true,
      "bin": {
        "tsc": "bin/tsc",
        "tsserver": "bin/tsserver"
      },
      "engines": {
        "node": ">=4.2.0"
      }
    },
    "node_modules/vite": {
      "version": "2.3.7",
      "resolved": "http://artifactory.intra.ke.com/artifactory/api/npm/npm-virtual/vite/download/vite-2.3.7.tgz",
      "integrity": "sha1-MCOJJBk2dGXhrxc5V4+GY9BCQ7I=",
      "dev": true,
      "dependencies": {
        "esbuild": "^0.12.5",
        "postcss": "^8.3.0",
        "resolve": "^1.19.0",
        "rollup": "^2.38.5"
      },
      "bin": {
        "vite": "bin/vite.js"
      },
      "engines": {
        "node": ">=12.0.0"
      },
      "optionalDependencies": {
        "fsevents": "~2.3.1"
      }
    }
  },
  "dependencies": {
    "@webgpu/glslang": {
      "version": "0.0.15",
      "resolved": "http://artifactory.intra.ke.com/artifactory/api/npm/npm-virtual/@webgpu/glslang/download/@webgpu/glslang-0.0.15.tgz",
      "integrity": "sha1-9cyvYBUkHmF19LkJBrBT+ISD0fI="
    },
    "@webgpu/types": {
      "version": "0.1.6",
      "resolved": "http://artifactory.intra.ke.com/artifactory/api/npm/npm-virtual/@webgpu/types/download/@webgpu/types-0.1.6.tgz",
      "integrity": "sha1-kcidlQRJ+g0seALeOms8OpBU85I=",
      "dev": true
    },
    "colorette": {
      "version": "1.2.2",
      "resolved": "http://artifactory.intra.ke.com/artifactory/api/npm/npm-virtual/colorette/download/colorette-1.2.2.tgz",
      "integrity": "sha1-y8x51emcrqLb8Q6zom/Ys+as+pQ=",
      "dev": true
    },
    "esbuild": {
      "version": "0.12.8",
      "resolved": "http://artifactory.intra.ke.com/artifactory/api/npm/npm-virtual/esbuild/download/esbuild-0.12.8.tgz",
      "integrity": "sha1-rJDad8s7+/SauBUgC873/+GjNI8=",
      "dev": true
    },
    "eslint-config-mdcs": {
      "version": "5.0.0",
      "resolved": "http://artifactory.intra.ke.com/artifactory/api/npm/npm-virtual/eslint-config-mdcs/download/eslint-config-mdcs-5.0.0.tgz",
      "integrity": "sha1-8KJGuTEcVqVFicjCd+ueEFE0zpI=",
      "dev": true
    },
    "fsevents": {
      "version": "2.3.2",
      "resolved": "http://artifactory.intra.ke.com/artifactory/api/npm/npm-virtual/fsevents/download/fsevents-2.3.2.tgz",
      "integrity": "sha1-ilJveLj99GI7cJ4Ll1xSwkwC/Ro=",
      "dev": true,
      "optional": true
    },
    "function-bind": {
      "version": "1.1.1",
      "resolved": "http://artifactory.intra.ke.com/artifactory/api/npm/npm-virtual/function-bind/download/function-bind-1.1.1.tgz",
      "integrity": "sha1-pWiZ0+o8m6uHS7l3O3xe3pL0iV0=",
      "dev": true
    },
    "has": {
      "version": "1.0.3",
      "resolved": "http://artifactory.intra.ke.com/artifactory/api/npm/npm-virtual/has/download/has-1.0.3.tgz",
      "integrity": "sha1-ci18v8H2qoJB8W3YFOAR4fQeh5Y=",
      "dev": true,
      "requires": {
        "function-bind": "^1.1.1"
      }
    },
    "is-core-module": {
      "version": "2.4.0",
      "resolved": "http://artifactory.intra.ke.com/artifactory/api/npm/npm-virtual/is-core-module/download/is-core-module-2.4.0.tgz",
      "integrity": "sha1-jp/I4VAnsBFBgCbpjw5vTYYwXME=",
      "dev": true,
      "requires": {
        "has": "^1.0.3"
      }
    },
    "nanoid": {
      "version": "3.1.23",
      "resolved": "http://artifactory.intra.ke.com/artifactory/api/npm/npm-virtual/nanoid/download/nanoid-3.1.23.tgz",
      "integrity": "sha1-90QIbOfCvEfuCoRyV01ceOQYOoE=",
      "dev": true
    },
    "path-parse": {
      "version": "1.0.7",
      "resolved": "http://artifactory.intra.ke.com/artifactory/api/npm/npm-virtual/path-parse/download/path-parse-1.0.7.tgz",
      "integrity": "sha1-+8EUtgykKzDZ2vWFjkvWi77bZzU=",
      "dev": true
    },
    "postcss": {
      "version": "8.3.2",
      "resolved": "http://artifactory.intra.ke.com/artifactory/api/npm/npm-virtual/postcss/download/postcss-8.3.2.tgz",
      "integrity": "sha1-7T7EifVCivV0DNbv/MIWtNRV7mQ=",
      "dev": true,
      "requires": {
        "colorette": "^1.2.2",
        "nanoid": "^3.1.23",
        "source-map-js": "^0.6.2"
      }
    },
    "resolve": {
      "version": "1.20.0",
      "resolved": "http://artifactory.intra.ke.com/artifactory/api/npm/npm-virtual/resolve/download/resolve-1.20.0.tgz",
      "integrity": "sha1-YpoBP7P3B1XW8LeTXMHCxTeLGXU=",
      "dev": true,
      "requires": {
        "is-core-module": "^2.2.0",
        "path-parse": "^1.0.6"
      }
    },
    "rollup": {
      "version": "2.51.2",
      "resolved": "http://artifactory.intra.ke.com/artifactory/api/npm/npm-virtual/rollup/download/rollup-2.51.2.tgz",
      "integrity": "sha1-beceKMgzCJoL10WglnGj4rkq9rc=",
      "dev": true,
      "requires": {
        "fsevents": "~2.3.1"
      }
    },
    "source-map-js": {
      "version": "0.6.2",
      "resolved": "http://artifactory.intra.ke.com/artifactory/api/npm/npm-virtual/source-map-js/download/source-map-js-0.6.2.tgz",
      "integrity": "sha1-C7XeYxtBz72mz7qL0FqA79/SOF4=",
      "dev": true
    },
    "typescript": {
      "version": "4.3.2",
      "resolved": "http://artifactory.intra.ke.com/artifactory/api/npm/npm-virtual/typescript/download/typescript-4.3.2.tgz",
      "integrity": "sha1-OZqxiqxFgC1vJJjeUFT8u+cWqAU=",
      "dev": true
    },
    "vite": {
      "version": "2.3.7",
      "resolved": "http://artifactory.intra.ke.com/artifactory/api/npm/npm-virtual/vite/download/vite-2.3.7.tgz",
      "integrity": "sha1-MCOJJBk2dGXhrxc5V4+GY9BCQ7I=",
      "dev": true,
      "requires": {
        "esbuild": "^0.12.5",
        "fsevents": "~2.3.1",
        "postcss": "^8.3.0",
        "resolve": "^1.19.0",
        "rollup": "^2.38.5"
      }
    }
  }
}
